{
  "name": "magnificent-language",
  "version": "1.0.0",
  "lockfileVersion": 3,
  "requires": true,
  "packages": {
    "": {
      "name": "magnificent-language",
      "version": "1.0.0",
      "license": "MIT",
      "bin": {
        "mgl": "bin/mgl"
      },
      "engines": {
        "node": ">=18"
      }
    }
  }
}
